{
  "originHash" : "7c705fcda0e39d713d81cf0417360d160a05e2274ee7604a2174c0d86f38e709",
  "pins" : [
    {
      "identity" : "sulphurgeometry",
      "kind" : "remoteSourceControl",
      "location" : "https://github.com/NucleantUI/SulphurGeometry",
      "state" : {
        "branch" : "init_upload",
        "revision" : "4ed1341820364d5223469ca201ffcce48b901d2b"
      }
    }
  ],
  "version" : 3
}
